
Microsoft Visual Studio Solution File, Format Version 12.00
# Visual Studio Version 17
VisualStudioVersion = 17.14.36518.9 d17.14
MinimumVisualStudioVersion = 10.0.40219.1
Project("{FAE04EC0-301F-11D3-BF4B-00C04F79EFBC}") = "FruitVision_Web", "FruitVision_Web\FruitVision_Web.csproj", "{4631B319-CCF2-424D-B792-BD298DDFD9BB}"
EndProject
Global
	GlobalSection(SolutionConfigurationPlatforms) = preSolution
		Debug|Any CPU = Debug|Any CPU
		Release|Any CPU = Release|Any CPU
	EndGlobalSection
	GlobalSection(ProjectConfigurationPlatforms) = postSolution
		{4631B319-CCF2-424D-B792-BD298DDFD9BB}.Debug|Any CPU.ActiveCfg = Debug|Any CPU
		{4631B319-CCF2-424D-B792-BD298DDFD9BB}.Debug|Any CPU.Build.0 = Debug|Any CPU
		{4631B319-CCF2-424D-B792-BD298DDFD9BB}.Release|Any CPU.ActiveCfg = Release|Any CPU
		{4631B319-CCF2-424D-B792-BD298DDFD9BB}.Release|Any CPU.Build.0 = Release|Any CPU
	EndGlobalSection
	GlobalSection(SolutionProperties) = preSolution
		HideSolutionNode = FALSE
	EndGlobalSection
	GlobalSection(ExtensibilityGlobals) = postSolution
		SolutionGuid = {0F341ABD-287D-42D5-9861-CF6D9A077507}
	EndGlobalSection
EndGlobal
